{
  "version": 4,
  "terraform_version": "0.12.24",
  "serial": 38,
  "lineage": "fbbfa4cc-81a7-506a-f516-5d1484a876b8",
  "outputs": {},
  "resources": [
    {
      "mode": "managed",
      "type": "aws_lightsail_instance",
      "name": "dell-devops-lab01",
      "provider": "provider.aws",
      "instances": [
        {
          "schema_version": 0,
          "attributes": {
            "arn": "arn:aws:lightsail:eu-west-1:324324095483:Instance/049fe37b-b2e6-4bbb-845a-b9a86c817dda",
            "availability_zone": "eu-west-1a",
            "blueprint_id": "amazon_linux_2018_03_0_2",
            "bundle_id": "nano_2_0",
            "cpu_count": 1,
            "created_at": "2020-04-16T07:42:09Z",
            "id": "dell-devops-lab01",
            "ipv6_address": "",
            "is_static_ip": false,
            "key_pair_name": "general_key",
            "name": "dell-devops-lab01",
            "private_ip_address": "172.26.14.189",
            "public_ip_address": "63.35.175.91",
            "ram_size": null,
            "tags": null,
            "user_data": null,
            "username": "ec2-user"
          },
          "private": "bnVsbA==",
          "dependencies": [
            "aws_lightsail_key_pair.general_key"
          ]
        }
      ]
    },
    {
      "mode": "managed",
      "type": "aws_lightsail_instance",
      "name": "dell-devops-lab02",
      "provider": "provider.aws",
      "instances": [
        {
          "schema_version": 0,
          "attributes": {
            "arn": "arn:aws:lightsail:eu-west-1:324324095483:Instance/388e01bf-8ae8-4ff7-80ac-b630dd520396",
            "availability_zone": "eu-west-1a",
            "blueprint_id": "amazon_linux_2018_03_0_2",
            "bundle_id": "nano_2_0",
            "cpu_count": 1,
            "created_at": "2020-04-16T07:42:09Z",
            "id": "dell-devops-lab02",
            "ipv6_address": "",
            "is_static_ip": false,
            "key_pair_name": "general_key",
            "name": "dell-devops-lab02",
            "private_ip_address": "172.26.7.67",
            "public_ip_address": "54.228.183.121",
            "ram_size": null,
            "tags": null,
            "user_data": null,
            "username": "ec2-user"
          },
          "private": "bnVsbA==",
          "dependencies": [
            "aws_lightsail_key_pair.general_key"
          ]
        }
      ]
    },
    {
      "mode": "managed",
      "type": "aws_lightsail_key_pair",
      "name": "general_key",
      "provider": "provider.aws",
      "instances": [
        {
          "schema_version": 0,
          "attributes": {
            "arn": "arn:aws:lightsail:eu-west-1:324324095483:KeyPair/f98d6a52-ea37-4ea7-8365-e961f1d70148",
            "encrypted_fingerprint": null,
            "encrypted_private_key": null,
            "fingerprint": "60:84:f2:85:63:4d:b6:13:d1:00:72:43:90:b5:e6:ec",
            "id": "general_key",
            "name": "general_key",
            "name_prefix": null,
            "pgp_key": null,
            "private_key": null,
            "public_key": "ssh-rsa AAAAB3NzaC1yc2EAAAADAQABAAABAQDgh1U3nIHvqV4r/l2EVQSlPw+OzH2zOMChlf6eHjUZoo3IpwLhE5jQZBzLI/4TNllY2ZgWt8maq/0y/DJVKhkQj+zK0ETp7jNqYv4INM3y7okGsdNxgsrbUOw8i6hShY1DKfk7GeNAy8lUljjijhdMDWQHT2Nz5ekRxT1EDjXfSN0lIQDRYOhIrRHB7DrTi0cMg4CMEeMdzXM6gc56+woykskP28bPbVdk029c3N/xqoISzfprVRD7S+gZ5lkcLpPKaq3REWH45akPmXj3y4PVHoIbZ5TjLYR1+aj/gfsB9SsfmEQp4PUpLOpSwdslmpQlRoGOdWqT4RkpK/QxPv1d benhay@W10HWW95Y2\n"
          },
          "private": "bnVsbA=="
        }
      ]
    }
  ]
}
