{
  "version": 4,
  "terraform_version": "0.12.24",
  "serial": 11,
  "lineage": "fbbfa4cc-81a7-506a-f516-5d1484a876b8",
  "outputs": {},
  "resources": [
    {
      "mode": "managed",
      "type": "aws_lightsail_instance",
      "name": "dell-devops-lab01",
      "provider": "provider.aws",
      "instances": [
        {
          "status": "tainted",
          "schema_version": 0,
          "attributes": {
            "arn": "arn:aws:lightsail:eu-west-1:324324095483:Instance/28bb1349-052d-4947-9f7d-e3e4125746dc",
            "availability_zone": "eu-west-1a",
            "blueprint_id": "amazon_linux_2018_03_0_2",
            "bundle_id": "nano_2_0",
            "cpu_count": 1,
            "created_at": "2020-04-06T09:42:05Z",
            "id": "dell-devops-lab01",
            "ipv6_address": "",
            "is_static_ip": false,
            "key_pair_name": "general_key",
            "name": "dell-devops-lab01",
            "private_ip_address": "172.26.0.174",
            "public_ip_address": "34.255.86.8",
            "ram_size": null,
            "tags": null,
            "user_data": null,
            "username": "ec2-user"
          },
          "private": "bnVsbA==",
          "dependencies": [
            "aws_lightsail_key_pair.general_key"
          ]
        }
      ]
    },
    {
      "mode": "managed",
      "type": "aws_lightsail_key_pair",
      "name": "general_key",
      "provider": "provider.aws",
      "instances": [
        {
          "schema_version": 0,
          "attributes": {
            "arn": "arn:aws:lightsail:eu-west-1:324324095483:KeyPair/d4e6ccf2-d970-42d0-b3b7-757f93484932",
            "encrypted_fingerprint": null,
            "encrypted_private_key": null,
            "fingerprint": "3f:ac:44:69:78:47:af:1f:4e:24:05:1d:2b:92:81:2e",
            "id": "general_key",
            "name": "general_key",
            "name_prefix": null,
            "pgp_key": null,
            "private_key": null,
            "public_key": "ssh-rsa AAAAB3NzaC1yc2EAAAADAQABAAABAQC/rGxR8ip9GIs0iOiYJcwFGQ6wu538grQGIdI+woN1xvOLbJ0JpxKwF4w/4DD+q4/6Y2tT2R9wgcrKrGDZPVGw+q+5FaX0Sm7N14+/rXdI251y7Xd1avtGOiopbjd8Pf0UF23/8PJ2L5tYXuWnPFlBxIB6pHOeybORMd6iyfj1bF9EVR8YqhXpCQSfVqgJpmajMe4tSem9vgc/sD1DYB1U6vUaROmrEIAr9rWvQNRI0YWIkEAAA9hEG0IqvbodV4NGwUYwY6bn5b+5sMuqQWAMntlt7BXCvQ+B30zxEK2aJeT22G34hTDa+se1P0tVa2dRXYReWScr1XaWtIP/x0Nd corp\\benhay@W10HWW95Y2\r\n"
          },
          "private": "bnVsbA=="
        }
      ]
    }
  ]
}
