{
  "version": 4,
  "terraform_version": "0.12.24",
  "serial": 6,
  "lineage": "fbbfa4cc-81a7-506a-f516-5d1484a876b8",
  "outputs": {},
  "resources": [
    {
      "mode": "managed",
      "type": "aws_lightsail_instance",
      "name": "dell-devops-lab01",
      "provider": "provider.aws",
      "instances": [
        {
          "schema_version": 0,
          "attributes": {
            "arn": "arn:aws:lightsail:eu-west-1:324324095483:Instance/c3962dc4-0440-4f3a-95bd-ccf0e1a44bf6",
            "availability_zone": "eu-west-1a",
            "blueprint_id": "amazon_linux_2018_03_0_2",
            "bundle_id": "nano_2_0",
            "cpu_count": 1,
            "created_at": "2020-04-03T12:33:42Z",
            "id": "dell-devops-lab01",
            "ipv6_address": "",
            "is_static_ip": false,
            "key_pair_name": "LightsailDefaultKeyPair",
            "name": "dell-devops-lab01",
            "private_ip_address": "172.26.12.41",
            "public_ip_address": "3.249.166.187",
            "ram_size": null,
            "tags": {
              "foo": "bar"
            },
            "user_data": null,
            "username": "ec2-user"
          },
          "private": "bnVsbA=="
        }
      ]
    },
    {
      "mode": "managed",
      "type": "aws_lightsail_instance",
      "name": "dell-devops-lab02",
      "provider": "provider.aws",
      "instances": [
        {
          "schema_version": 0,
          "attributes": {
            "arn": "arn:aws:lightsail:eu-west-1:324324095483:Instance/62ca9764-1059-4121-b5bf-f56319969660",
            "availability_zone": "eu-west-1a",
            "blueprint_id": "amazon_linux_2018_03_0_2",
            "bundle_id": "nano_2_0",
            "cpu_count": 1,
            "created_at": "2020-04-03T12:33:42Z",
            "id": "dell-devops-lab02",
            "ipv6_address": "",
            "is_static_ip": false,
            "key_pair_name": "LightsailDefaultKeyPair",
            "name": "dell-devops-lab02",
            "private_ip_address": "172.26.12.27",
            "public_ip_address": "52.212.28.225",
            "ram_size": null,
            "tags": {
              "foo": "bar"
            },
            "user_data": null,
            "username": "ec2-user"
          },
          "private": "bnVsbA=="
        }
      ]
    }
  ]
}
