{
  "version": 4,
  "terraform_version": "0.12.24",
  "serial": 1,
  "lineage": "fbbfa4cc-81a7-506a-f516-5d1484a876b8",
  "outputs": {},
  "resources": [
    {
      "mode": "managed",
      "type": "aws_lightsail_instance",
      "name": "dell-devops-lab01",
      "provider": "provider.aws",
      "instances": [
        {
          "schema_version": 0,
          "attributes": {
            "arn": "arn:aws:lightsail:eu-west-1:324324095483:Instance/3de7301d-3bfa-4575-b14e-ae0c2e63955e",
            "availability_zone": "eu-west-1a",
            "blueprint_id": "amazon_linux_2018_03_0_2",
            "bundle_id": "nano_2_0",
            "cpu_count": 1,
            "created_at": "2020-04-03T12:08:15Z",
            "id": "custom_gitlab",
            "ipv6_address": "",
            "is_static_ip": false,
            "key_pair_name": "LightsailDefaultKeyPair",
            "name": "custom_gitlab",
            "private_ip_address": "172.26.10.39",
            "public_ip_address": "63.33.214.61",
            "ram_size": null,
            "tags": {
              "foo": "bar"
            },
            "user_data": null,
            "username": "ec2-user"
          },
          "private": "bnVsbA=="
        }
      ]
    }
  ]
}
